# This file is autogenerated, do not edit; changes may be undone by the next 'dep ensure'.


[[projects]]
  digest = "1:188f74d743ff5e941788eceec4546703f31cde64d7da744137ad361c875c8609"
  name = "collectd.org"
  packages = [
    "api",
    "cdtime",
    "network",
  ]
  pruneopts = "UT"
  revision = "2ce144541b8903101fb8f1483cc0497a68798122"
  version = "v0.3.0"

[[projects]]
  digest = "1:9f3b30d9f8e0d7040f729b82dcbc8f0dead820a133b3147ce355fc451f32d761"
  name = "github.com/BurntSushi/toml"
  packages = ["."]
  pruneopts = "UT"
  revision = "3012a1dbe2e4bd1391d42b32f0577cb7bbc7f005"
  version = "v0.3.1"

[[projects]]
  digest = "1:bd3707851c076d2c65cd49a05b5ff7d2b9d71052f3cc53f508b5f17d92e90515"
  name = "github.com/armon/go-metrics"
  packages = ["."]
  pruneopts = "UT"
  revision = "1f80b100a845709d334078320f554ef96d0a8ac8"
  version = "v0.3.4"

[[projects]]
  branch = "master"
  digest = "1:2099049d052c80cc81243a4c5f691667161425d1cf6aa64b05d23f6bc640a0a3"
  name = "github.com/bmizerany/pat"
  packages = ["."]
  pruneopts = "UT"
  revision = "6226ea591a40176dd3ff9cd8eff81ed6ca721a00"

[[projects]]
  digest = "1:0f98f59e9a2f4070d66f0c9c39561f68fcd1dc837b22a852d28d0003aebd1b1e"
  name = "github.com/boltdb/bolt"
  packages = ["."]
  pruneopts = "UT"
  revision = "2f1ce7a837dcb8da3ec595b1dac9d0632f0f99e8"
  version = "v1.3.1"

[[projects]]
  digest = "1:61406f6571eeb97717bdfaac37fa0bc5260621c4cbf3ce7635e9828dcbb5258a"
  name = "github.com/cespare/xxhash"
  packages = ["."]
  pruneopts = "UT"
  revision = "d7df74196a9e781ede915320c11c378c1b2f3a1f"
  version = "v2.1.1"

[[projects]]
  digest = "1:ffe9824d294da03b391f44e1ae8281281b4afc1bdaa9588c9097785e3af10cec"
  name = "github.com/davecgh/go-spew"
  packages = ["spew"]
  pruneopts = "UT"
  revision = "8991bc29aa16c548c550c7ff78260e27b9ab7c73"
  version = "v1.1.1"

[[projects]]
  branch = "master"
  digest = "1:b2a9da4dfb6d53e94d8bf6fbb23a9cee5fff7419167b97770b8e3b6a462f1742"
  name = "github.com/dgryski/go-bits"
  packages = ["."]
  pruneopts = "UT"
  revision = "bd8a69a71dc203aa976f9d918b428db9ac605f57"

[[projects]]
  branch = "master"
  digest = "1:c57df9dedbc4d7bcb1a014b7023838b8c121a8e07de939ceee2724fb9fd392c7"
  name = "github.com/dgryski/go-bitstream"
  packages = ["."]
  pruneopts = "UT"
  revision = "3522498ce2c8ea06df73e55df58edfbfb33cfdd6"

[[projects]]
  digest = "1:6e6a015e8e8fa80006309826c6129b59341c56103245da051f206b1b3605f0bb"
  name = "github.com/fatih/color"
  packages = ["."]
  pruneopts = "UT"
  revision = "bc2269661d49c6c9d0e514eef49710556883f3fa"
  version = "v1.10.0"

[[projects]]
  digest = "1:22bc8f2ba4bb038ff7fa8c9f8c3d3b845ae9b87d25336b7f261ff687a9dc7553"
  name = "github.com/gogo/protobuf"
  packages = [
    "gogoproto",
    "proto",
    "protoc-gen-gogo/descriptor",
    "sortkeys",
    "types",
  ]
  pruneopts = "UT"
  revision = "5628607bb4c51c3157aacc3a50f0ab707582b805"
  version = "v1.3.1"

[[projects]]
  digest = "1:d2c84374e37085b97762b77f695101a96aea829293a6ab43915df0248a21fe9c"
  name = "github.com/golang/snappy"
  packages = ["."]
  pruneopts = "UT"
  revision = "196ae77b8a26000fa30caa8b2b541e09674dbc43"
  version = "v0.0.2"

[[projects]]
  digest = "1:400cb6646c388fe84307ab80a55fbec49b48fb2767275543ed17c3b846805e20"
  name = "github.com/google/go-cmp"
  packages = [
    "cmp",
    "cmp/internal/diff",
    "cmp/internal/flags",
    "cmp/internal/function",
    "cmp/internal/value",
  ]
  pruneopts = "UT"
  revision = "d2fcc899bdc2d134b7c00e36137260db963e193c"
  version = "v0.5.2"

[[projects]]
  digest = "1:9525bbd687d51880d6c0dda510c5166f5ae8a91ae3f9a6635f9c839b990c71af"
  name = "github.com/hashicorp/go-hclog"
  packages = ["."]
  pruneopts = "UT"
  revision = "e59fd7e1110848012d4335fcd0d3bb88e0cdf9e7"
  version = "v0.15.0"

[[projects]]
  digest = "1:3fb98f9f713dd002ede9fd1e81d96a79c94b98a4d29372f821640c626d36968e"
  name = "github.com/hashicorp/go-immutable-radix"
  packages = ["."]
  pruneopts = "UT"
  revision = "57230d80bd59689cded197c5065835b39d890dd0"
  version = "v1.3.0"

[[projects]]
  digest = "1:a0b1a3ea22c673324bade0a0f6143255e4625436bac399370712d305d5a30b8d"
  name = "github.com/hashicorp/go-msgpack"
  packages = ["codec"]
  pruneopts = "UT"
  revision = "cc7dbc9ee9335986a7245d8c29e1a9e2aa0cc8c7"
  version = "v1.1.5"

[[projects]]
  digest = "1:7fae9ec96d10b2afce0da23c378c8b3389319b7f92fa092f2621bba3078cfb4b"
  name = "github.com/hashicorp/golang-lru"
  packages = ["simplelru"]
  pruneopts = "UT"
  revision = "14eae340515388ca95aa8e7b86f0de668e981f54"
  version = "v0.5.4"

[[projects]]
  digest = "1:6e26466b4f3b170db9820409968dad0aa0520789657142d10c463d922c466cac"
  name = "github.com/hashicorp/raft"
  packages = ["."]
  pruneopts = "UT"
  revision = "ecd4720b4481723c8141daea7015b53d9d79c9f8"
  version = "v1.2.0"

[[projects]]
  branch = "master"
  digest = "1:8bc6831553a265c699a973640ea48eee53d3878af9013208d20a0c8807fa66ec"
  name = "github.com/hashicorp/raft-boltdb"
  packages = ["."]
  pruneopts = "UT"
  revision = "4207f1bf061751378aee6cdfe697965a13ab49d7"

[[projects]]
  digest = "1:01ebdcf56ff77c8e0b7a29853f503180f674235478fbecebd3f17e96aee99352"
  name = "github.com/jsternberg/zap-logfmt"
  packages = ["."]
  pruneopts = "UT"
  revision = "ef1948cade6f9592fac3f57654e3ddfc4986bb52"
  version = "v1.2.0"

[[projects]]
  branch = "master"
  digest = "1:b0a450ba626dd247151de6209d6e4a7f8156af1ebc1169186e641814d548ed16"
  name = "github.com/jwilder/encoding"
  packages = ["simple8b"]
  pruneopts = "UT"
  revision = "b4e1701a28efcc637d9afcca7d38e495fe909a09"

[[projects]]
  digest = "1:9eedd86ee6a19efa5499c25df5bb5fa8c13797f1c62aeb385e6327930031cb27"
  name = "github.com/kimor79/gollectd"
  packages = ["."]
  pruneopts = "UT"
  revision = "b5dddb1667dcc1e6355b9305e2c1608a2db6983c"
  version = "v1.0.0"

[[projects]]
  digest = "1:304d25ecc3f4ca39f894c959254d3f5fc6176276ccf1f874ded0cd441e2f964f"
  name = "github.com/mattn/go-colorable"
  packages = ["."]
  pruneopts = "UT"
  revision = "2e1b0c1546e0173c0907cf05c67b8ba29ed8b4d1"
  version = "v0.1.8"

[[projects]]
  digest = "1:0c58d31abe2a2ccb429c559b6292e7df89dcda675456fecc282fa90aa08273eb"
  name = "github.com/mattn/go-isatty"
  packages = ["."]
  pruneopts = "UT"
  revision = "7b513a986450394f7bbf1476909911b3aa3a55ce"
  version = "v0.0.12"

[[projects]]
  digest = "1:38286a6220cf5b85bae83d5754bbfd7218c833b4fc8b56f5d168ea4bc073ad27"
  name = "github.com/mattn/go-runewidth"
  packages = ["."]
  pruneopts = "UT"
  revision = "14e809f6d78fcf9f48ff9b70981472b64c05f754"
  version = "v0.0.9"

[[projects]]
  digest = "1:c90172176f72788b5e68aadb116d3e2f4d2bae757fa11cd6807967e0a38aeec1"
  name = "github.com/peterh/liner"
  packages = ["."]
  pruneopts = "UT"
  revision = "f01956e11ba4dc7eb4d2de9c7dc621f825dcc9c9"
  version = "v1.2.0"

[[projects]]
  digest = "1:0028cb19b2e4c3112225cd871870f2d9cf49b9b4276531f03438a88e94be86fe"
  name = "github.com/pmezard/go-difflib"
  packages = ["difflib"]
  pruneopts = "UT"
  revision = "792786c7400a136282c1664665ae0a8db921c6c2"
  version = "v1.0.0"

[[projects]]
  digest = "1:729f65378817684798e53068862397c12daffa0757abbe073f6620a560fc6fb5"
  name = "github.com/stretchr/testify"
  packages = [
    "assert",
    "require",
  ]
  pruneopts = "UT"
  revision = "f654a9112bbeac49ca2cd45bfbe11533c4666cf8"
  version = "v1.6.1"

[[projects]]
  digest = "1:3d933a7058758f9d41e542606c63aa2b0b5a7d212880b5a9bd86d946c70be4a7"
  name = "github.com/xlab/treeprint"
  packages = ["."]
  pruneopts = "UT"
  revision = "f20643a638f32b600e806bd95db296e33ce4346f"
  version = "v1.0.0"

[[projects]]
  digest = "1:7a3de4371d6b68c6f37a0df2c09905664d9de59026c91cbe275aae55f4fe760f"
  name = "go.uber.org/atomic"
  packages = ["."]
  pruneopts = "UT"
  revision = "12f27ba2637fa0e13772a4f05fa46a5d18d53182"
  version = "v1.7.0"

[[projects]]
  digest = "1:e9eeeabfd025a5e69b9c8e2857d3517ea67e747ae913bcb0a9e1e7bafdb9c298"
  name = "go.uber.org/multierr"
  packages = ["."]
  pruneopts = "UT"
  revision = "3114a8b704d2d28dbacda34a872690aaef66aeed"
  version = "v1.6.0"

[[projects]]
  digest = "1:052a04ff010ec05c33f12909ec2a90492c9d5582d68f87d3275595d0d1bd0d3b"
  name = "go.uber.org/zap"
  packages = [
    ".",
    "buffer",
    "internal/bufferpool",
    "internal/color",
    "internal/exit",
    "zapcore",
  ]
  pruneopts = "UT"
  revision = "404189cf44aea95b0cd9bddcb0242dd4cf88c510"
  version = "v1.16.0"

[[projects]]
  branch = "master"
  digest = "1:9d5b5d543996dd584da1db1e0de1926f3e4c3a8dba0fa2f8db70f3ebee2342e0"
  name = "golang.org/x/crypto"
  packages = [
    "bcrypt",
    "blowfish",
  ]
  pruneopts = "UT"
  revision = "5c72a883971a4325f8c62bf07b6d38c20ea47a6a"

[[projects]]
  branch = "master"
  digest = "1:7ba038407d725346307a9696b124872f28bc861b04f589772282de95d4bc7c7e"
  name = "golang.org/x/sys"
  packages = [
    "internal/unsafeheader",
    "unix",
  ]
  pruneopts = "UT"
  revision = "006507a75852521a6e7a850c04eecb001193cd62"

[[projects]]
  branch = "master"
  digest = "1:9a12483c63e8328a477280cd6855689af0f584eb580b66c0d113a1f5fe7791b0"
  name = "golang.org/x/time"
  packages = ["rate"]
  pruneopts = "UT"
  revision = "3af7569d3a1e776fc2a3c1cec133b43105ea9c2e"

[[projects]]
  digest = "1:546db0bd0542751aff1e75052dd1fa0b0a1cee681d43bfa9ffac7c22714c1070"
  name = "gopkg.in/fatih/pool.v2"
  packages = ["."]
  pruneopts = "UT"
  revision = "010e0b745d12eaf8426c95f9c3924d81dd0b668f"
  version = "v2.0.0"

[[projects]]
  branch = "v3"
  digest = "1:229cb0f6192914f518cc1241ede6d6f1f458b31debfa18bf3a5c9e4f7b01e24b"
  name = "gopkg.in/yaml.v3"
  packages = ["."]
  pruneopts = "UT"
  revision = "eeeca48fe7764f320e4870d231902bf9c1be2c08"

[solve-meta]
  analyzer-name = "dep"
  analyzer-version = 1
  input-imports = [
    "collectd.org/api",
    "collectd.org/network",
    "github.com/BurntSushi/toml",
    "github.com/bmizerany/pat",
    "github.com/cespare/xxhash",
    "github.com/davecgh/go-spew/spew",
    "github.com/dgryski/go-bits",
    "github.com/dgryski/go-bitstream",
    "github.com/gogo/protobuf/gogoproto",
    "github.com/gogo/protobuf/proto",
    "github.com/gogo/protobuf/types",
    "github.com/golang/snappy",
    "github.com/google/go-cmp/cmp",
    "github.com/hashicorp/go-hclog",
    "github.com/hashicorp/raft",
    "github.com/hashicorp/raft-boltdb",
    "github.com/jsternberg/zap-logfmt",
    "github.com/jwilder/encoding/simple8b",
    "github.com/kimor79/gollectd",
    "github.com/mattn/go-isatty",
    "github.com/peterh/liner",
    "github.com/stretchr/testify/require",
    "github.com/xlab/treeprint",
    "go.uber.org/zap",
    "go.uber.org/zap/zapcore",
    "golang.org/x/crypto/bcrypt",
    "golang.org/x/sys/unix",
    "golang.org/x/time/rate",
    "gopkg.in/fatih/pool.v2",
  ]
  solver-name = "gps-cdcl"
  solver-version = 1
