# This file is autogenerated, do not edit; changes may be undone by the next 'dep ensure'.


[[projects]]
  name = "collectd.org"
  packages = ["api","cdtime","network"]
  revision = "2ce144541b8903101fb8f1483cc0497a68798122"
  version = "v0.3.0"

[[projects]]
  branch = "master"
  name = "github.com/BurntSushi/toml"
  packages = ["."]
  revision = "a368813c5e648fee92e5f6c30e3944ff9d5e8895"

[[projects]]
  name = "github.com/Masterminds/semver"
  packages = ["."]
  revision = "c7af12943936e8c39859482e61f0574c2fd7fc75"
  version = "v1.4.2"

[[projects]]
  name = "github.com/RoaringBitmap/roaring"
  packages = ["."]
  revision = "3d677d3262197ee558b85029301eb69b8239f91a"
  version = "v0.4.16"

[[projects]]
  name = "github.com/alecthomas/kingpin"
  packages = ["."]
  revision = "947dcec5ba9c011838740e680966fd7087a71d0d"
  version = "v2.2.6"

[[projects]]
  branch = "master"
  name = "github.com/alecthomas/template"
  packages = [".","parse"]
  revision = "a0175ee3bccc567396460bf5acd36800cb10c49c"

[[projects]]
  branch = "master"
  name = "github.com/alecthomas/units"
  packages = ["."]
  revision = "2efee857e7cfd4f3d0138cc3cbb1b4966962b93a"

[[projects]]
  branch = "master"
  name = "github.com/apache/arrow"
  packages = ["go/arrow","go/arrow/array","go/arrow/internal/bitutil","go/arrow/internal/cpu","go/arrow/internal/debug","go/arrow/math","go/arrow/memory"]
  revision = "c6d97c59ef047cc9d5e2836b1945df26cd7c4622"

[[projects]]
  branch = "master"
  name = "github.com/apex/log"
  packages = [".","handlers/cli"]
  revision = "941dea75d3ebfbdd905a5d8b7b232965c5e5c684"

[[projects]]
  branch = "master"
  name = "github.com/armon/go-metrics"
  packages = ["."]
  revision = "f0300d1749da6fa982027e449ec0c7a145510c3c"

[[projects]]
  name = "github.com/aws/aws-sdk-go"
  packages = ["aws","aws/awserr","aws/awsutil","aws/client","aws/client/metadata","aws/corehandlers","aws/credentials","aws/credentials/ec2rolecreds","aws/credentials/endpointcreds","aws/credentials/stscreds","aws/csm","aws/defaults","aws/ec2metadata","aws/endpoints","aws/request","aws/session","aws/signer/v4","internal/s3err","internal/sdkio","internal/sdkrand","internal/sdkuri","internal/shareddefaults","private/protocol","private/protocol/eventstream","private/protocol/eventstream/eventstreamapi","private/protocol/query","private/protocol/query/queryutil","private/protocol/rest","private/protocol/restxml","private/protocol/xml/xmlutil","service/s3","service/sts"]
  revision = "dd947f47decb37a7c3bee72501bfc790701ab5ad"
  version = "v1.15.50"

[[projects]]
  branch = "master"
  name = "github.com/beorn7/perks"
  packages = ["quantile"]
  revision = "3a771d992973f24aa725d07868b467d1ddfceafb"

[[projects]]
  branch = "master"
  name = "github.com/blakesmith/ar"
  packages = ["."]
  revision = "8bd4349a67f2533b078dbc524689d15dba0f4659"

[[projects]]
  branch = "master"
  name = "github.com/bmizerany/pat"
  packages = ["."]
  revision = "6226ea591a40176dd3ff9cd8eff81ed6ca721a00"

[[projects]]
  name = "github.com/boltdb/bolt"
  packages = ["."]
  revision = "2f1ce7a837dcb8da3ec595b1dac9d0632f0f99e8"
  version = "v1.3.1"

[[projects]]
  name = "github.com/c-bata/go-prompt"
  packages = ["."]
  revision = "e99fbc797b795e0a7a94affc8d44f6a0350d85f0"
  version = "v0.2.1"

[[projects]]
  name = "github.com/caarlos0/ctrlc"
  packages = ["."]
  revision = "70dc48d5d792f20f684a8f1d29bbac298f4b2ef4"
  version = "v1.0.0"

[[projects]]
  branch = "master"
  name = "github.com/campoy/unique"
  packages = ["."]
  revision = "88950e537e7e644cd746a3102037b5d2b723e9f5"

[[projects]]
  name = "github.com/cespare/xxhash"
  packages = ["."]
  revision = "5c37fe3735342a2e0d01c87a907579987c8936cc"
  version = "v1.0.0"

[[projects]]
  name = "github.com/davecgh/go-spew"
  packages = ["spew"]
  revision = "346938d642f2ec3594ed81d874461961cd0faa76"
  version = "v1.1.0"

[[projects]]
  name = "github.com/dgrijalva/jwt-go"
  packages = ["."]
  revision = "06ea1031745cb8b3dab3f6a236daf2b0aa468b7e"
  version = "v3.2.0"

[[projects]]
  branch = "master"
  name = "github.com/dgryski/go-bitstream"
  packages = ["."]
  revision = "3522498ce2c8ea06df73e55df58edfbfb33cfdd6"

[[projects]]
  name = "github.com/fatih/color"
  packages = ["."]
  revision = "570b54cabe6b8eb0bc2dfce68d964677d63b5260"
  version = "v1.5.0"

[[projects]]
  branch = "master"
  name = "github.com/glycerine/go-unsnap-stream"
  packages = ["."]
  revision = "9f0cb55181dd3a0a4c168d3dbc72d4aca4853126"

[[projects]]
  name = "github.com/go-ini/ini"
  packages = ["."]
  revision = "7b294651033cd7d9e7f0d9ffa1b75ed1e198e737"
  version = "v1.38.3"

[[projects]]
  name = "github.com/go-sql-driver/mysql"
  packages = ["."]
  revision = "d523deb1b23d913de5bdada721a6071e71283618"
  version = "v1.4.0"

[[projects]]
  name = "github.com/gogo/protobuf"
  packages = ["gogoproto","proto","protoc-gen-gogo/descriptor","sortkeys","types"]
  revision = "636bf0302bc95575d69441b25a2603156ffdddf1"
  version = "v1.1.1"

[[projects]]
  name = "github.com/golang/protobuf"
  packages = ["proto","ptypes","ptypes/any","ptypes/duration","ptypes/timestamp"]
  revision = "b4deda0973fb4c70b50d226b1af49f3da59f5265"
  version = "v1.1.0"

[[projects]]
  name = "github.com/golang/snappy"
  packages = ["."]
  revision = "d9eb7a3d35ec988b8585d4a0068e462c27d28380"

[[projects]]
  name = "github.com/google/go-cmp"
  packages = ["cmp","cmp/cmpopts","cmp/internal/diff","cmp/internal/function","cmp/internal/value"]
  revision = "3af367b6b30c263d47e8895973edcca9a49cf029"
  version = "v0.2.0"

[[projects]]
  branch = "master"
  name = "github.com/google/go-github"
  packages = ["github"]
  revision = "dd29b543e14c33e6373773f2c5ea008b29aeac95"

[[projects]]
  name = "github.com/google/go-querystring"
  packages = ["query"]
  revision = "44c6ddd0a2342c386950e880b658017258da92fc"
  version = "v1.0.0"

[[projects]]
  name = "github.com/goreleaser/goreleaser"
  packages = [".","internal/artifact","internal/builders/golang","internal/client","internal/deprecate","internal/git","internal/http","internal/linux","internal/pipe","internal/pipe/archive","internal/pipe/artifactory","internal/pipe/before","internal/pipe/brew","internal/pipe/build","internal/pipe/changelog","internal/pipe/checksums","internal/pipe/defaults","internal/pipe/dist","internal/pipe/docker","internal/pipe/effectiveconfig","internal/pipe/env","internal/pipe/git","internal/pipe/nfpm","internal/pipe/project","internal/pipe/put","internal/pipe/release","internal/pipe/s3","internal/pipe/scoop","internal/pipe/sign","internal/pipe/snapcraft","internal/pipe/snapshot","internal/pipeline","internal/semerrgroup","internal/tmpl","pkg/archive","pkg/archive/tar","pkg/archive/zip","pkg/build","pkg/config","pkg/context"]
  revision = "f99940ff5397b099bf606cf1323c00c63afcd153"
  version = "v0.88.0"

[[projects]]
  name = "github.com/goreleaser/nfpm"
  packages = [".","deb","glob","rpm"]
  revision = "de75d679901371e3ed0c0a606e160539d5a4b45e"
  version = "v0.9.5"

[[projects]]
  name = "github.com/hashicorp/go-hclog"
  packages = ["."]
  revision = "e59fd7e1110848012d4335fcd0d3bb88e0cdf9e7"
  version = "v0.15.0"

[[projects]]
  name = "github.com/hashicorp/go-immutable-radix"
  packages = ["."]
  revision = "27df80928bb34bb1b0d6d0e01b9e679902e7a6b5"
  version = "v1.0.0"

[[projects]]
  name = "github.com/hashicorp/go-msgpack"
  packages = ["codec"]
  revision = "be3a5be7ee2202386d02936a19ae4fbde1c77800"
  version = "v0.5.3"

[[projects]]
  name = "github.com/hashicorp/golang-lru"
  packages = ["simplelru"]
  revision = "7087cb70de9f7a8bc0a10c375cb0d2280a8edf9c"
  version = "v0.5.1"

[[projects]]
  name = "github.com/hashicorp/raft"
  packages = ["."]
  revision = "ecd4720b4481723c8141daea7015b53d9d79c9f8"
  version = "v1.2.0"

[[projects]]
  name = "github.com/hashicorp/raft-boltdb"
  packages = ["."]
  revision = "d1e82c1ec3f15ee991f7cc7ffd5b67ff6f5bbaee"

[[projects]]
  name = "github.com/imdario/mergo"
  packages = ["."]
  revision = "9f23e2d6bd2a77f959b2bf6acdbefd708a83a4a4"
  version = "v0.3.6"

[[projects]]
  name = "github.com/jmespath/go-jmespath"
  packages = ["."]
  revision = "0b12d6b5"

[[projects]]
  name = "github.com/jsternberg/zap-logfmt"
  packages = ["."]
  revision = "ac4bd917e18a4548ce6e0e765b29a4e7f397b0b6"
  version = "v1.0.0"

[[projects]]
  branch = "master"
  name = "github.com/jwilder/encoding"
  packages = ["simple8b"]
  revision = "b4e1701a28efcc637d9afcca7d38e495fe909a09"

[[projects]]
  name = "github.com/kisielk/gotool"
  packages = [".","internal/load"]
  revision = "80517062f582ea3340cd4baf70e86d539ae7d84d"
  version = "v1.0.0"

[[projects]]
  name = "github.com/klauspost/compress"
  packages = ["flate"]
  revision = "b939724e787a27c0005cabe3f78e7ed7987ac74f"
  version = "v1.4.0"

[[projects]]
  name = "github.com/klauspost/cpuid"
  packages = ["."]
  revision = "ae7887de9fa5d2db4eaa8174a7eff2c1ac00f2da"
  version = "v1.1"

[[projects]]
  name = "github.com/klauspost/crc32"
  packages = ["."]
  revision = "cb6bfca970f6908083f26f39a79009d608efd5cd"
  version = "v1.1"

[[projects]]
  name = "github.com/klauspost/pgzip"
  packages = ["."]
  revision = "0bf5dcad4ada2814c3c00f996a982270bb81a506"
  version = "v1.1"

[[projects]]
  name = "github.com/lib/pq"
  packages = [".","oid"]
  revision = "4ded0e9383f75c197b3a2aaa6d590ac52df6fd79"
  version = "v1.0.0"

[[projects]]
  name = "github.com/mattn/go-colorable"
  packages = ["."]
  revision = "167de6bfdfba052fa6b2d3664c8f5272e23c9072"
  version = "v0.0.9"

[[projects]]
  branch = "master"
  name = "github.com/mattn/go-isatty"
  packages = ["."]
  revision = "6ca4dbf54d38eea1a992b3c722a76a5d1c4cb25c"

[[projects]]
  name = "github.com/mattn/go-runewidth"
  packages = ["."]
  revision = "9e777a8366cce605130a531d2cd6363d07ad7317"
  version = "v0.0.2"

[[projects]]
  branch = "master"
  name = "github.com/mattn/go-tty"
  packages = ["."]
  revision = "13ff1204f104d52c3f7645ec027ecbcf9026429e"

[[projects]]
  branch = "master"
  name = "github.com/mattn/go-zglob"
  packages = [".","fastwalk"]
  revision = "2ea3427bfa539cca900ca2768d8663ecc8a708c1"

[[projects]]
  name = "github.com/matttproud/golang_protobuf_extensions"
  packages = ["pbutil"]
  revision = "c12348ce28de40eed0136aa2b644d0ee0650e56c"
  version = "v1.0.1"

[[projects]]
  branch = "master"
  name = "github.com/mitchellh/go-homedir"
  packages = ["."]
  revision = "ae18d6b8b3205b561c79e8e5f69bff09736185f4"

[[projects]]
  branch = "master"
  name = "github.com/mschoch/smat"
  packages = ["."]
  revision = "90eadee771aeab36e8bf796039b8c261bebebe4f"

[[projects]]
  branch = "master"
  name = "github.com/opentracing/opentracing-go"
  packages = [".","log"]
  revision = "bd9c3193394760d98b2fa6ebb2291f0cd1d06a7d"

[[projects]]
  branch = "master"
  name = "github.com/peterh/liner"
  packages = ["."]
  revision = "8c1271fcf47f341a9e6771872262870e1ad7650c"

[[projects]]
  name = "github.com/philhofer/fwd"
  packages = ["."]
  revision = "bb6d471dc95d4fe11e432687f8b70ff496cf3136"
  version = "v1.0.0"

[[projects]]
  name = "github.com/pkg/errors"
  packages = ["."]
  revision = "645ef00459ed84a119197bfb8d8205042c6df63d"
  version = "v0.8.0"

[[projects]]
  branch = "master"
  name = "github.com/pkg/term"
  packages = ["termios"]
  revision = "bffc007b7fd5a70e20e28f5b7649bb84671ef436"

[[projects]]
  name = "github.com/pmezard/go-difflib"
  packages = ["difflib"]
  revision = "792786c7400a136282c1664665ae0a8db921c6c2"
  version = "v1.0.0"

[[projects]]
  name = "github.com/prometheus/client_golang"
  packages = ["prometheus","prometheus/promhttp"]
  revision = "661e31bf844dfca9aeba15f27ea8aa0d485ad212"

[[projects]]
  branch = "master"
  name = "github.com/prometheus/client_model"
  packages = ["go"]
  revision = "5c3871d89910bfb32f5fcab2aa4b9ec68e65a99f"

[[projects]]
  branch = "master"
  name = "github.com/prometheus/common"
  packages = ["expfmt","internal/bitbucket.org/ww/goautoneg","model"]
  revision = "7600349dcfe1abd18d72d3a1770870d9800a7801"

[[projects]]
  branch = "master"
  name = "github.com/prometheus/procfs"
  packages = [".","internal/util","nfs","xfs"]
  revision = "ae68e2d4c00fed4943b5f6698d504a5fe083da8a"

[[projects]]
  branch = "master"
  name = "github.com/retailnext/hllpp"
  packages = ["."]
  revision = "101a6d2f8b52abfc409ac188958e7e7be0116331"

[[projects]]
  name = "github.com/satori/go.uuid"
  packages = ["."]
  revision = "f58768cc1a7a7e77a3bd49e98cdd21419399b6a3"
  version = "v1.2.0"

[[projects]]
  name = "github.com/segmentio/kafka-go"
  packages = ["."]
  revision = "c6db9435477f3cb658e2dd0fa93e02118c870251"
  version = "v0.2.0"

[[projects]]
  name = "github.com/stretchr/testify"
  packages = ["assert","require"]
  revision = "acba37e5db06f0093b465a7d47822bf13644b66c"
  version = "v1.7.0"

[[projects]]
  name = "github.com/tinylib/msgp"
  packages = ["msgp"]
  revision = "b2b6a672cf1e5b90748f79b8b81fc8c5cf0571a1"
  version = "1.0.2"

[[projects]]
  name = "github.com/willf/bitset"
  packages = ["."]
  revision = "d860f346b89450988a379d7d705e83c58d1ea227"
  version = "v1.1.3"

[[projects]]
  branch = "master"
  name = "github.com/xlab/treeprint"
  packages = ["."]
  revision = "d6fb6747feb6e7cfdc44682a024bddf87ef07ec2"

[[projects]]
  name = "go.uber.org/atomic"
  packages = ["."]
  revision = "1ea20fb1cbb1cc08cbd0d913a96dead89aa18289"
  version = "v1.3.2"

[[projects]]
  name = "go.uber.org/multierr"
  packages = ["."]
  revision = "3c4937480c32f4c13a875a1829af76c98ca3d40a"
  version = "v1.1.0"

[[projects]]
  name = "go.uber.org/zap"
  packages = [".","buffer","internal/bufferpool","internal/color","internal/exit","zapcore","zaptest/observer"]
  revision = "4d45f9617f7d90f7a663ff21c7a4321dbe78098b"
  version = "v1.9.0"

[[projects]]
  branch = "master"
  name = "golang.org/x/crypto"
  packages = ["bcrypt","blowfish","ssh/terminal"]
  revision = "a2144134853fc9a27a7b1e3eb4f19f1a76df13c9"

[[projects]]
  branch = "master"
  name = "golang.org/x/net"
  packages = ["context","context/ctxhttp","http/httpguts","http2","http2/hpack","idna","internal/timeseries","trace"]
  revision = "a680a1efc54dd51c040b3b5ce4939ea3cf2ea0d1"

[[projects]]
  branch = "master"
  name = "golang.org/x/oauth2"
  packages = [".","internal"]
  revision = "c57b0facaced709681d9f90397429b9430a74754"

[[projects]]
  branch = "master"
  name = "golang.org/x/sync"
  packages = ["errgroup"]
  revision = "1d60e4601c6fd243af51cc01ddf169918a5407ca"

[[projects]]
  branch = "master"
  name = "golang.org/x/sys"
  packages = ["unix","windows"]
  revision = "ac767d655b305d4e9612f5f6e33120b9176c4ad4"

[[projects]]
  name = "golang.org/x/text"
  packages = ["collate","collate/build","encoding","encoding/internal","encoding/internal/identifier","encoding/unicode","internal/colltab","internal/gen","internal/tag","internal/triegen","internal/ucd","internal/utf8internal","language","runes","secure/bidirule","transform","unicode/bidi","unicode/cldr","unicode/norm","unicode/rangetable"]
  revision = "f21a4dfb5e38f5895301dc265a8def02365cc3d0"
  version = "v0.3.0"

[[projects]]
  branch = "master"
  name = "golang.org/x/time"
  packages = ["rate"]
  revision = "fbb02b2291d28baffd63558aa44b4b56f178d650"

[[projects]]
  branch = "master"
  name = "golang.org/x/tools"
  packages = ["go/ast/astutil","go/buildutil","go/internal/cgo","go/loader","go/types/typeutil"]
  revision = "45ff765b4815d34d8b80220fd05c79063b185ce1"

[[projects]]
  name = "google.golang.org/appengine"
  packages = ["cloudsql","internal","internal/base","internal/datastore","internal/log","internal/remote_api","internal/urlfetch","urlfetch"]
  revision = "ae0ab99deb4dc413a2b4bd6c8bdd0eb67f1e4d06"
  version = "v1.2.0"

[[projects]]
  branch = "master"
  name = "google.golang.org/genproto"
  packages = ["googleapis/rpc/status"]
  revision = "fedd2861243fd1a8152376292b921b394c7bef7e"

[[projects]]
  name = "google.golang.org/grpc"
  packages = [".","balancer","balancer/base","balancer/roundrobin","codes","connectivity","credentials","encoding","encoding/proto","grpclog","internal","internal/backoff","internal/channelz","internal/grpcrand","keepalive","metadata","naming","peer","resolver","resolver/dns","resolver/passthrough","stats","status","tap","transport"]
  revision = "168a6198bcb0ef175f7dacec0b8691fc141dc9b8"
  version = "v1.13.0"

[[projects]]
  name = "gopkg.in/fatih/pool.v2"
  packages = ["."]
  revision = "010e0b745d12eaf8426c95f9c3924d81dd0b668f"
  version = "v2.0.0"

[[projects]]
  branch = "v2"
  name = "gopkg.in/yaml.v2"
  packages = ["."]
  revision = "5420a8b6744d3b0345ab293f6fcba19c978f1183"

[[projects]]
  branch = "v3"
  name = "gopkg.in/yaml.v3"
  packages = ["."]
  revision = "496545a6307b2a7d7a710fd516e5e16e8ab62dbc"

[[projects]]
  name = "honnef.co/go/tools"
  packages = ["callgraph","callgraph/static","cmd/staticcheck","deprecated","functions","internal/sharedcheck","lint","lint/lintutil","ssa","ssa/ssautil","staticcheck","staticcheck/vrp","version"]
  revision = "d73ab98e7c39fdcf9ba65062e43d34310f198353"
  version = "2017.2.2"

[solve-meta]
  analyzer-name = "dep"
  analyzer-version = 1
  inputs-digest = "cd94c2ee1f5a6f117ae7b96ba93c83e5a8cf3162dcc2fa17e199f10462b6c4eb"
  solver-name = "gps-cdcl"
  solver-version = 1
